
Microsoft Visual Studio Solution File, Format Version 12.00
# Visual Studio Version 17
VisualStudioVersion = 17.11.35222.181
MinimumVisualStudioVersion = 10.0.40219.1
Project("{FAE04EC0-301F-11D3-BF4B-00C04F79EFBC}") = "Lab2_KPO", "Lab2_KPO\Lab2_KPO.csproj", "{F05424A9-14A4-4EB4-B16D-FA26E637A6CA}"
EndProject
Project("{FAE04EC0-301F-11D3-BF4B-00C04F79EFBC}") = "Lab2_KPO.Tests", "Lab2_KPO.Tests\Lab2_KPO.Tests.csproj", "{3B4A81D4-0BED-4F31-8B69-F335A3913259}"
EndProject
Project("{FAE04EC0-301F-11D3-BF4B-00C04F79EFBC}") = "Lab2_KPO.CalcCommands", "Lab2_KPO.CalcCommands\Lab2_KPO.CalcCommands.csproj", "{DE0E92F8-FCD8-4150-9439-8A5FB20A982A}"
EndProject
Project("{FAE04EC0-301F-11D3-BF4B-00C04F79EFBC}") = "Lab2_KPO.CalcCore", "Lab2_KPO.CalcCore\Lab2_KPO.CalcCore.csproj", "{D9BB379A-8FF1-447B-8FFC-69FD22F28223}"
EndProject
Project("{FAE04EC0-301F-11D3-BF4B-00C04F79EFBC}") = "Lab2_KPO.CalcValidation", "Lab2_KPO.CalcValidation\Lab2_KPO.CalcValidation.csproj", "{1E165B31-79E9-46A6-813C-30F1532B15B5}"
EndProject
Global
	GlobalSection(SolutionConfigurationPlatforms) = preSolution
		Debug|Any CPU = Debug|Any CPU
		Debug|x64 = Debug|x64
		Debug|x86 = Debug|x86
		Release|Any CPU = Release|Any CPU
		Release|x64 = Release|x64
		Release|x86 = Release|x86
	EndGlobalSection
	GlobalSection(ProjectConfigurationPlatforms) = postSolution
		{F05424A9-14A4-4EB4-B16D-FA26E637A6CA}.Debug|Any CPU.ActiveCfg = Debug|Any CPU
		{F05424A9-14A4-4EB4-B16D-FA26E637A6CA}.Debug|Any CPU.Build.0 = Debug|Any CPU
		{F05424A9-14A4-4EB4-B16D-FA26E637A6CA}.Debug|x64.ActiveCfg = Debug|Any CPU
		{F05424A9-14A4-4EB4-B16D-FA26E637A6CA}.Debug|x64.Build.0 = Debug|Any CPU
		{F05424A9-14A4-4EB4-B16D-FA26E637A6CA}.Debug|x86.ActiveCfg = Debug|Any CPU
		{F05424A9-14A4-4EB4-B16D-FA26E637A6CA}.Debug|x86.Build.0 = Debug|Any CPU
		{F05424A9-14A4-4EB4-B16D-FA26E637A6CA}.Release|Any CPU.ActiveCfg = Release|Any CPU
		{F05424A9-14A4-4EB4-B16D-FA26E637A6CA}.Release|Any CPU.Build.0 = Release|Any CPU
		{F05424A9-14A4-4EB4-B16D-FA26E637A6CA}.Release|x64.ActiveCfg = Release|Any CPU
		{F05424A9-14A4-4EB4-B16D-FA26E637A6CA}.Release|x64.Build.0 = Release|Any CPU
		{F05424A9-14A4-4EB4-B16D-FA26E637A6CA}.Release|x86.ActiveCfg = Release|Any CPU
		{F05424A9-14A4-4EB4-B16D-FA26E637A6CA}.Release|x86.Build.0 = Release|Any CPU
		{3B4A81D4-0BED-4F31-8B69-F335A3913259}.Debug|Any CPU.ActiveCfg = Debug|Any CPU
		{3B4A81D4-0BED-4F31-8B69-F335A3913259}.Debug|Any CPU.Build.0 = Debug|Any CPU
		{3B4A81D4-0BED-4F31-8B69-F335A3913259}.Debug|x64.ActiveCfg = Debug|Any CPU
		{3B4A81D4-0BED-4F31-8B69-F335A3913259}.Debug|x64.Build.0 = Debug|Any CPU
		{3B4A81D4-0BED-4F31-8B69-F335A3913259}.Debug|x86.ActiveCfg = Debug|Any CPU
		{3B4A81D4-0BED-4F31-8B69-F335A3913259}.Debug|x86.Build.0 = Debug|Any CPU
		{3B4A81D4-0BED-4F31-8B69-F335A3913259}.Release|Any CPU.ActiveCfg = Release|Any CPU
		{3B4A81D4-0BED-4F31-8B69-F335A3913259}.Release|Any CPU.Build.0 = Release|Any CPU
		{3B4A81D4-0BED-4F31-8B69-F335A3913259}.Release|x64.ActiveCfg = Release|Any CPU
		{3B4A81D4-0BED-4F31-8B69-F335A3913259}.Release|x64.Build.0 = Release|Any CPU
		{3B4A81D4-0BED-4F31-8B69-F335A3913259}.Release|x86.ActiveCfg = Release|Any CPU
		{3B4A81D4-0BED-4F31-8B69-F335A3913259}.Release|x86.Build.0 = Release|Any CPU
		{DE0E92F8-FCD8-4150-9439-8A5FB20A982A}.Debug|Any CPU.ActiveCfg = Debug|Any CPU
		{DE0E92F8-FCD8-4150-9439-8A5FB20A982A}.Debug|Any CPU.Build.0 = Debug|Any CPU
		{DE0E92F8-FCD8-4150-9439-8A5FB20A982A}.Debug|x64.ActiveCfg = Debug|Any CPU
		{DE0E92F8-FCD8-4150-9439-8A5FB20A982A}.Debug|x64.Build.0 = Debug|Any CPU
		{DE0E92F8-FCD8-4150-9439-8A5FB20A982A}.Debug|x86.ActiveCfg = Debug|Any CPU
		{DE0E92F8-FCD8-4150-9439-8A5FB20A982A}.Debug|x86.Build.0 = Debug|Any CPU
		{DE0E92F8-FCD8-4150-9439-8A5FB20A982A}.Release|Any CPU.ActiveCfg = Release|Any CPU
		{DE0E92F8-FCD8-4150-9439-8A5FB20A982A}.Release|Any CPU.Build.0 = Release|Any CPU
		{DE0E92F8-FCD8-4150-9439-8A5FB20A982A}.Release|x64.ActiveCfg = Release|Any CPU
		{DE0E92F8-FCD8-4150-9439-8A5FB20A982A}.Release|x64.Build.0 = Release|Any CPU
		{DE0E92F8-FCD8-4150-9439-8A5FB20A982A}.Release|x86.ActiveCfg = Release|Any CPU
		{DE0E92F8-FCD8-4150-9439-8A5FB20A982A}.Release|x86.Build.0 = Release|Any CPU
		{D9BB379A-8FF1-447B-8FFC-69FD22F28223}.Debug|Any CPU.ActiveCfg = Debug|Any CPU
		{D9BB379A-8FF1-447B-8FFC-69FD22F28223}.Debug|Any CPU.Build.0 = Debug|Any CPU
		{D9BB379A-8FF1-447B-8FFC-69FD22F28223}.Debug|x64.ActiveCfg = Debug|Any CPU
		{D9BB379A-8FF1-447B-8FFC-69FD22F28223}.Debug|x64.Build.0 = Debug|Any CPU
		{D9BB379A-8FF1-447B-8FFC-69FD22F28223}.Debug|x86.ActiveCfg = Debug|Any CPU
		{D9BB379A-8FF1-447B-8FFC-69FD22F28223}.Debug|x86.Build.0 = Debug|Any CPU
		{D9BB379A-8FF1-447B-8FFC-69FD22F28223}.Release|Any CPU.ActiveCfg = Release|Any CPU
		{D9BB379A-8FF1-447B-8FFC-69FD22F28223}.Release|Any CPU.Build.0 = Release|Any CPU
		{D9BB379A-8FF1-447B-8FFC-69FD22F28223}.Release|x64.ActiveCfg = Release|Any CPU
		{D9BB379A-8FF1-447B-8FFC-69FD22F28223}.Release|x64.Build.0 = Release|Any CPU
		{D9BB379A-8FF1-447B-8FFC-69FD22F28223}.Release|x86.ActiveCfg = Release|Any CPU
		{D9BB379A-8FF1-447B-8FFC-69FD22F28223}.Release|x86.Build.0 = Release|Any CPU
		{1E165B31-79E9-46A6-813C-30F1532B15B5}.Debug|Any CPU.ActiveCfg = Debug|Any CPU
		{1E165B31-79E9-46A6-813C-30F1532B15B5}.Debug|Any CPU.Build.0 = Debug|Any CPU
		{1E165B31-79E9-46A6-813C-30F1532B15B5}.Debug|x64.ActiveCfg = Debug|Any CPU
		{1E165B31-79E9-46A6-813C-30F1532B15B5}.Debug|x64.Build.0 = Debug|Any CPU
		{1E165B31-79E9-46A6-813C-30F1532B15B5}.Debug|x86.ActiveCfg = Debug|Any CPU
		{1E165B31-79E9-46A6-813C-30F1532B15B5}.Debug|x86.Build.0 = Debug|Any CPU
		{1E165B31-79E9-46A6-813C-30F1532B15B5}.Release|Any CPU.ActiveCfg = Release|Any CPU
		{1E165B31-79E9-46A6-813C-30F1532B15B5}.Release|Any CPU.Build.0 = Release|Any CPU
		{1E165B31-79E9-46A6-813C-30F1532B15B5}.Release|x64.ActiveCfg = Release|Any CPU
		{1E165B31-79E9-46A6-813C-30F1532B15B5}.Release|x64.Build.0 = Release|Any CPU
		{1E165B31-79E9-46A6-813C-30F1532B15B5}.Release|x86.ActiveCfg = Release|Any CPU
		{1E165B31-79E9-46A6-813C-30F1532B15B5}.Release|x86.Build.0 = Release|Any CPU
	EndGlobalSection
	GlobalSection(SolutionProperties) = preSolution
		HideSolutionNode = FALSE
	EndGlobalSection
	GlobalSection(ExtensibilityGlobals) = postSolution
		SolutionGuid = {9F378C90-2889-4331-863D-DEABFECEB963}
	EndGlobalSection
EndGlobal
